hash: bfc88a254ba6b0b06a022f42ea738f073385e9df21e225abd3f02c6fe54c5774
updated: 2016-07-13T20:45:59.036381094-07:00
imports:
- name: github.com/BurntSushi/toml
  version: bec2dacf4b590d26237cfebff4471e21ce543494
- name: github.com/docker/docker
  version: 1c6a8715ab31103f9cde977fa68d2f14b4871adb
  subpackages:
  - opts
  - pkg/archive
  - pkg/fileutils
  - pkg/homedir
  - pkg/stdcopy
  - pkg/idtools
  - pkg/ioutils
  - pkg/pools
  - pkg/promise
  - pkg/system
  - pkg/longpath
- name: github.com/docker/engine-api
  version: 98348ad6f9c89bb10f31ac32cd1b12cbadd292b6
  subpackages:
  - types/filters
  - types/versions
- name: github.com/docker/go-units
  version: f2d77a61e3c169b43402a0a1e84f06daf29b8190
- name: github.com/fsnotify/fsnotify
  version: a8a77c9133d2d6fd8334f3260d06f60e8d80a5fb
- name: github.com/fsouza/go-dockerclient
  version: 3213df8880de560ee41e30dbc6605eb04b1f80a4
- name: github.com/hashicorp/go-cleanhttp
  version: ad28ea4487f05916463e2423a55166280e8254b5
- name: github.com/hashicorp/hcl
  version: d8c773c4cba11b11539e3d45f93daeaa5dcf1fa1
  subpackages:
  - hcl/ast
  - hcl/parser
  - hcl/token
  - json/parser
  - hcl/scanner
  - hcl/strconv
  - json/scanner
  - json/token
- name: github.com/inconshreveable/mousetrap
  version: 76626ae9c91c4f2a10f34cad8ce83ea42c93bb75
- name: github.com/magiconair/properties
  version: e2f061ecfdaca9f35b2e2c12346ffc526f138137
- name: github.com/mattn/go-colorable
  version: 9056b7a9f2d1f2d96498d6d146acd1f9d5ed3d59
- name: github.com/mattn/go-isatty
  version: 56b76bdf51f7708750eac80fa38b952bb9f32639
- name: github.com/mitchellh/goamz
  version: caaaea8b30ee15616494ee68abd5d8ebbbef05cf
  subpackages:
  - aws
  - ec2
- name: github.com/mitchellh/mapstructure
  version: 21a35fb16463dfb7c8eee579c65d995d95e64d1e
- name: github.com/opencontainers/runc
  version: 4eb8c2fb1dcb10fa3bf9bd7031f3a25a8ce2fef6
  subpackages:
  - libcontainer/user
- name: github.com/Sirupsen/logrus
  version: 32055c351ea8b00b96d70f28db48d9840feaf0ec
- name: github.com/spf13/cast
  version: 27b586b42e29bec072fe7379259cc719e1289da6
- name: github.com/spf13/cobra
  version: a272c3cbd5ff80a5bf5c5603df50183f9f3f7324
- name: github.com/spf13/jwalterweatherman
  version: 33c24e77fb80341fe7130ee7c594256ff08ccc46
- name: github.com/spf13/pflag
  version: 367864438f1b1a3c7db4da06a2f55b144e6784e0
- name: github.com/spf13/viper
  version: c1ccc378a054ea8d4e38d8c67f6938d4760b53dd
- name: github.com/vaughan0/go-ini
  version: a98ad7ee00ec53921f08832bc06ecf7fd600e6a1
- name: golang.org/x/crypto
  version: 2c99acdd1e9b90d779ca23f632aad86af9909c62
  subpackages:
  - ssh
  - curve25519
  - ed25519
  - ed25519/internal/edwards25519
- name: golang.org/x/net
  version: a728288923b47049b2ce791836767ffbe964a5bd
  subpackages:
  - context
- name: golang.org/x/sys
  version: b518c298ac9dc94b6ac0757394f50d10c5dfa25a
  subpackages:
  - unix
- name: gopkg.in/inconshreveable/log15.v2
  version: b105bd37f74e5d9dc7b6ad7806715c7a2b83fd3f
  subpackages:
  - stack
  - term
- name: gopkg.in/yaml.v2
  version: a83829b6f1293c91addabc89d0571c246397bbf4
devImports: []
